// !$*UTF8*$!
{
	archiveVersion = 1;
	classes = {
	};
	objectVersion = 56;
	objects = {

/* Begin PBXBuildFile section */
		370F45922A70421B00D61179 /* CategoryUIModel.swift in Sources */ = {isa = PBXBuildFile; fileRef = 370F45912A70421B00D61179 /* CategoryUIModel.swift */; };
		370F45952A70488100D61179 /* CategoryTableViewCell.swift in Sources */ = {isa = PBXBuildFile; fileRef = 370F45942A70488100D61179 /* CategoryTableViewCell.swift */; };
		370F45972A70490C00D61179 /* ClassifiedAdDetailViewController.swift in Sources */ = {isa = PBXBuildFile; fileRef = 370F45962A70490C00D61179 /* ClassifiedAdDetailViewController.swift */; };
		370F459C2A70644300D61179 /* ClassifiedAdDetailUIModel.swift in Sources */ = {isa = PBXBuildFile; fileRef = 370F459B2A70644300D61179 /* ClassifiedAdDetailUIModel.swift */; };
		370F459E2A70646000D61179 /* ClassifiedAdDetailViewModel.swift in Sources */ = {isa = PBXBuildFile; fileRef = 370F459D2A70646000D61179 /* ClassifiedAdDetailViewModel.swift */; };
		370F45A02A72D32200D61179 /* ImageLoader.swift in Sources */ = {isa = PBXBuildFile; fileRef = 370F459F2A72D32200D61179 /* ImageLoader.swift */; };
		3722DDD32A6BF92B00DE8EC0 /* Data in Frameworks */ = {isa = PBXBuildFile; productRef = 3722DDD22A6BF92B00DE8EC0 /* Data */; };
		3722DDD72A6C447000DE8EC0 /* ListingViewController.swift in Sources */ = {isa = PBXBuildFile; fileRef = 3722DDD62A6C447000DE8EC0 /* ListingViewController.swift */; };
		3722DDDA2A6D5AD900DE8EC0 /* ServiceLocator in Frameworks */ = {isa = PBXBuildFile; productRef = 3722DDD92A6D5AD900DE8EC0 /* ServiceLocator */; };
		3722DDDC2A6DB04D00DE8EC0 /* AppDelegate.swift in Sources */ = {isa = PBXBuildFile; fileRef = 3722DDDB2A6DB04D00DE8EC0 /* AppDelegate.swift */; };
		3722DDDE2A6DB9D500DE8EC0 /* ListingViewModel.swift in Sources */ = {isa = PBXBuildFile; fileRef = 3722DDDD2A6DB9D500DE8EC0 /* ListingViewModel.swift */; };
		3722DDE12A6DBDEB00DE8EC0 /* AppAssembly.swift in Sources */ = {isa = PBXBuildFile; fileRef = 3722DDE02A6DBDEB00DE8EC0 /* AppAssembly.swift */; };
		3722DDE32A6DC18B00DE8EC0 /* ListingRowUIModel.swift in Sources */ = {isa = PBXBuildFile; fileRef = 3722DDE22A6DC18B00DE8EC0 /* ListingRowUIModel.swift */; };
		3722DDE82A6DCD8300DE8EC0 /* ListingCollectionViewCell.swift in Sources */ = {isa = PBXBuildFile; fileRef = 3722DDE72A6DCD8300DE8EC0 /* ListingCollectionViewCell.swift */; };
		3722DDEB2A6E033700DE8EC0 /* Design in Frameworks */ = {isa = PBXBuildFile; productRef = 3722DDEA2A6E033700DE8EC0 /* Design */; };
		3722DDED2A6E053000DE8EC0 /* Listing+CompositionalLayout.swift in Sources */ = {isa = PBXBuildFile; fileRef = 3722DDEC2A6E053000DE8EC0 /* Listing+CompositionalLayout.swift */; };
		3789231F2A6AF9A600EE518F /* Assets.xcassets in Resources */ = {isa = PBXBuildFile; fileRef = 3789231E2A6AF9A600EE518F /* Assets.xcassets */; };
		378923232A6AF9A600EE518F /* Preview Assets.xcassets in Resources */ = {isa = PBXBuildFile; fileRef = 378923222A6AF9A600EE518F /* Preview Assets.xcassets */; };
		3789232D2A6AF9A600EE518F /* LbcTests.swift in Sources */ = {isa = PBXBuildFile; fileRef = 3789232C2A6AF9A600EE518F /* LbcTests.swift */; };
		378923372A6AF9A600EE518F /* LbcUITests.swift in Sources */ = {isa = PBXBuildFile; fileRef = 378923362A6AF9A600EE518F /* LbcUITests.swift */; };
		378923392A6AF9A600EE518F /* LbcUITestsLaunchTests.swift in Sources */ = {isa = PBXBuildFile; fileRef = 378923382A6AF9A600EE518F /* LbcUITestsLaunchTests.swift */; };
		378923482A6B03AC00EE518F /* Domain in Frameworks */ = {isa = PBXBuildFile; productRef = 378923472A6B03AC00EE518F /* Domain */; };
		37F1EEAD2A6F3FAD00CB004F /* CategoriesViewController.swift in Sources */ = {isa = PBXBuildFile; fileRef = 37F1EEAC2A6F3FAD00CB004F /* CategoriesViewController.swift */; };
/* End PBXBuildFile section */

/* Begin PBXContainerItemProxy section */
		378923292A6AF9A600EE518F /* PBXContainerItemProxy */ = {
			isa = PBXContainerItemProxy;
			containerPortal = 3789230F2A6AF9A400EE518F /* Project object */;
			proxyType = 1;
			remoteGlobalIDString = 378923162A6AF9A400EE518F;
			remoteInfo = Lbc;
		};
		378923332A6AF9A600EE518F /* PBXContainerItemProxy */ = {
			isa = PBXContainerItemProxy;
			containerPortal = 3789230F2A6AF9A400EE518F /* Project object */;
			proxyType = 1;
			remoteGlobalIDString = 378923162A6AF9A400EE518F;
			remoteInfo = Lbc;
		};
/* End PBXContainerItemProxy section */

/* Begin PBXFileReference section */
		370F45912A70421B00D61179 /* CategoryUIModel.swift */ = {isa = PBXFileReference; lastKnownFileType = sourcecode.swift; path = CategoryUIModel.swift; sourceTree = "<group>"; };
		370F45942A70488100D61179 /* CategoryTableViewCell.swift */ = {isa = PBXFileReference; lastKnownFileType = sourcecode.swift; path = CategoryTableViewCell.swift; sourceTree = "<group>"; };
		370F45962A70490C00D61179 /* ClassifiedAdDetailViewController.swift */ = {isa = PBXFileReference; lastKnownFileType = sourcecode.swift; path = ClassifiedAdDetailViewController.swift; sourceTree = "<group>"; };
		370F459B2A70644300D61179 /* ClassifiedAdDetailUIModel.swift */ = {isa = PBXFileReference; lastKnownFileType = sourcecode.swift; path = ClassifiedAdDetailUIModel.swift; sourceTree = "<group>"; };
		370F459D2A70646000D61179 /* ClassifiedAdDetailViewModel.swift */ = {isa = PBXFileReference; lastKnownFileType = sourcecode.swift; path = ClassifiedAdDetailViewModel.swift; sourceTree = "<group>"; };
		370F459F2A72D32200D61179 /* ImageLoader.swift */ = {isa = PBXFileReference; lastKnownFileType = sourcecode.swift; path = ImageLoader.swift; sourceTree = "<group>"; };
		3722DDD62A6C447000DE8EC0 /* ListingViewController.swift */ = {isa = PBXFileReference; lastKnownFileType = sourcecode.swift; path = ListingViewController.swift; sourceTree = "<group>"; };
		3722DDD82A6C472100DE8EC0 /* ServiceLocator */ = {isa = PBXFileReference; lastKnownFileType = wrapper; path = ServiceLocator; sourceTree = "<group>"; };
		3722DDDB2A6DB04D00DE8EC0 /* AppDelegate.swift */ = {isa = PBXFileReference; lastKnownFileType = sourcecode.swift; path = AppDelegate.swift; sourceTree = "<group>"; };
		3722DDDD2A6DB9D500DE8EC0 /* ListingViewModel.swift */ = {isa = PBXFileReference; lastKnownFileType = sourcecode.swift; path = ListingViewModel.swift; sourceTree = "<group>"; };
		3722DDE02A6DBDEB00DE8EC0 /* AppAssembly.swift */ = {isa = PBXFileReference; lastKnownFileType = sourcecode.swift; path = AppAssembly.swift; sourceTree = "<group>"; };
		3722DDE22A6DC18B00DE8EC0 /* ListingRowUIModel.swift */ = {isa = PBXFileReference; lastKnownFileType = sourcecode.swift; path = ListingRowUIModel.swift; sourceTree = "<group>"; };
		3722DDE72A6DCD8300DE8EC0 /* ListingCollectionViewCell.swift */ = {isa = PBXFileReference; lastKnownFileType = sourcecode.swift; path = ListingCollectionViewCell.swift; sourceTree = "<group>"; };
		3722DDE92A6DF0B200DE8EC0 /* Design */ = {isa = PBXFileReference; lastKnownFileType = wrapper; path = Design; sourceTree = "<group>"; };
		3722DDEC2A6E053000DE8EC0 /* Listing+CompositionalLayout.swift */ = {isa = PBXFileReference; lastKnownFileType = sourcecode.swift; path = "Listing+CompositionalLayout.swift"; sourceTree = "<group>"; };
		378923172A6AF9A400EE518F /* Lbc.app */ = {isa = PBXFileReference; explicitFileType = wrapper.application; includeInIndex = 0; path = Lbc.app; sourceTree = BUILT_PRODUCTS_DIR; };
		3789231E2A6AF9A600EE518F /* Assets.xcassets */ = {isa = PBXFileReference; lastKnownFileType = folder.assetcatalog; path = Assets.xcassets; sourceTree = "<group>"; };
		378923202A6AF9A600EE518F /* Lbc.entitlements */ = {isa = PBXFileReference; lastKnownFileType = text.plist.entitlements; path = Lbc.entitlements; sourceTree = "<group>"; };
		378923222A6AF9A600EE518F /* Preview Assets.xcassets */ = {isa = PBXFileReference; lastKnownFileType = folder.assetcatalog; path = "Preview Assets.xcassets"; sourceTree = "<group>"; };
		378923282A6AF9A600EE518F /* LbcTests.xctest */ = {isa = PBXFileReference; explicitFileType = wrapper.cfbundle; includeInIndex = 0; path = LbcTests.xctest; sourceTree = BUILT_PRODUCTS_DIR; };
		3789232C2A6AF9A600EE518F /* LbcTests.swift */ = {isa = PBXFileReference; lastKnownFileType = sourcecode.swift; path = LbcTests.swift; sourceTree = "<group>"; };
		378923322A6AF9A600EE518F /* LbcUITests.xctest */ = {isa = PBXFileReference; explicitFileType = wrapper.cfbundle; includeInIndex = 0; path = LbcUITests.xctest; sourceTree = BUILT_PRODUCTS_DIR; };
		378923362A6AF9A600EE518F /* LbcUITests.swift */ = {isa = PBXFileReference; lastKnownFileType = sourcecode.swift; path = LbcUITests.swift; sourceTree = "<group>"; };
		378923382A6AF9A600EE518F /* LbcUITestsLaunchTests.swift */ = {isa = PBXFileReference; lastKnownFileType = sourcecode.swift; path = LbcUITestsLaunchTests.swift; sourceTree = "<group>"; };
		378923452A6B02E300EE518F /* Domain */ = {isa = PBXFileReference; lastKnownFileType = wrapper; path = Domain; sourceTree = "<group>"; };
		378923492A6B3CD300EE518F /* Data */ = {isa = PBXFileReference; lastKnownFileType = wrapper; path = Data; sourceTree = "<group>"; };
		37F1EEAC2A6F3FAD00CB004F /* CategoriesViewController.swift */ = {isa = PBXFileReference; lastKnownFileType = sourcecode.swift; path = CategoriesViewController.swift; sourceTree = "<group>"; };
/* End PBXFileReference section */

/* Begin PBXFrameworksBuildPhase section */
		378923142A6AF9A400EE518F /* Frameworks */ = {
			isa = PBXFrameworksBuildPhase;
			buildActionMask = 2147483647;
			files = (
				3722DDEB2A6E033700DE8EC0 /* Design in Frameworks */,
				3722DDDA2A6D5AD900DE8EC0 /* ServiceLocator in Frameworks */,
				3722DDD32A6BF92B00DE8EC0 /* Data in Frameworks */,
				378923482A6B03AC00EE518F /* Domain in Frameworks */,
			);
			runOnlyForDeploymentPostprocessing = 0;
		};
		378923252A6AF9A600EE518F /* Frameworks */ = {
			isa = PBXFrameworksBuildPhase;
			buildActionMask = 2147483647;
			files = (
			);
			runOnlyForDeploymentPostprocessing = 0;
		};
		3789232F2A6AF9A600EE518F /* Frameworks */ = {
			isa = PBXFrameworksBuildPhase;
			buildActionMask = 2147483647;
			files = (
			);
			runOnlyForDeploymentPostprocessing = 0;
		};
/* End PBXFrameworksBuildPhase section */

/* Begin PBXGroup section */
		370F45902A70420900D61179 /* ViewModel */ = {
			isa = PBXGroup;
			children = (
				3722DDDD2A6DB9D500DE8EC0 /* ListingViewModel.swift */,
				370F45912A70421B00D61179 /* CategoryUIModel.swift */,
				3722DDE22A6DC18B00DE8EC0 /* ListingRowUIModel.swift */,
				370F459B2A70644300D61179 /* ClassifiedAdDetailUIModel.swift */,
				370F459D2A70646000D61179 /* ClassifiedAdDetailViewModel.swift */,
			);
			path = ViewModel;
			sourceTree = "<group>";
		};
		370F45932A70424F00D61179 /* View */ = {
			isa = PBXGroup;
			children = (
				370F459A2A704AA200D61179 /* Detail */,
				370F45992A704A9800D61179 /* Categories */,
				370F45982A704A8900D61179 /* Listing */,
			);
			path = View;
			sourceTree = "<group>";
		};
		370F45982A704A8900D61179 /* Listing */ = {
			isa = PBXGroup;
			children = (
				3722DDEC2A6E053000DE8EC0 /* Listing+CompositionalLayout.swift */,
				3722DDE72A6DCD8300DE8EC0 /* ListingCollectionViewCell.swift */,
				3722DDD62A6C447000DE8EC0 /* ListingViewController.swift */,
			);
			path = Listing;
			sourceTree = "<group>";
		};
		370F45992A704A9800D61179 /* Categories */ = {
			isa = PBXGroup;
			children = (
				37F1EEAC2A6F3FAD00CB004F /* CategoriesViewController.swift */,
				370F45942A70488100D61179 /* CategoryTableViewCell.swift */,
			);
			path = Categories;
			sourceTree = "<group>";
		};
		370F459A2A704AA200D61179 /* Detail */ = {
			isa = PBXGroup;
			children = (
				370F45962A70490C00D61179 /* ClassifiedAdDetailViewController.swift */,
			);
			path = Detail;
			sourceTree = "<group>";
		};
		3722DDD42A6C445900DE8EC0 /* Feature */ = {
			isa = PBXGroup;
			children = (
				3722DDD52A6C445F00DE8EC0 /* Listing */,
			);
			path = Feature;
			sourceTree = "<group>";
		};
		3722DDD52A6C445F00DE8EC0 /* Listing */ = {
			isa = PBXGroup;
			children = (
				370F45932A70424F00D61179 /* View */,
				370F45902A70420900D61179 /* ViewModel */,
			);
			path = Listing;
			sourceTree = "<group>";
		};
		3722DDDF2A6DBDE200DE8EC0 /* DI */ = {
			isa = PBXGroup;
			children = (
				3722DDE02A6DBDEB00DE8EC0 /* AppAssembly.swift */,
			);
			path = DI;
			sourceTree = "<group>";
		};
		3789230E2A6AF9A400EE518F = {
			isa = PBXGroup;
			children = (
				3722DDE92A6DF0B200DE8EC0 /* Design */,
				3722DDD82A6C472100DE8EC0 /* ServiceLocator */,
				378923492A6B3CD300EE518F /* Data */,
				378923452A6B02E300EE518F /* Domain */,
				378923192A6AF9A400EE518F /* Lbc */,
				3789232B2A6AF9A600EE518F /* LbcTests */,
				378923352A6AF9A600EE518F /* LbcUITests */,
				378923182A6AF9A400EE518F /* Products */,
				378923462A6B03AC00EE518F /* Frameworks */,
			);
			sourceTree = "<group>";
		};
		378923182A6AF9A400EE518F /* Products */ = {
			isa = PBXGroup;
			children = (
				378923172A6AF9A400EE518F /* Lbc.app */,
				378923282A6AF9A600EE518F /* LbcTests.xctest */,
				378923322A6AF9A600EE518F /* LbcUITests.xctest */,
			);
			name = Products;
			sourceTree = "<group>";
		};
		378923192A6AF9A400EE518F /* Lbc */ = {
			isa = PBXGroup;
			children = (
				3722DDDF2A6DBDE200DE8EC0 /* DI */,
				3722DDD42A6C445900DE8EC0 /* Feature */,
				3789231E2A6AF9A600EE518F /* Assets.xcassets */,
				378923202A6AF9A600EE518F /* Lbc.entitlements */,
				378923212A6AF9A600EE518F /* Preview Content */,
				3722DDDB2A6DB04D00DE8EC0 /* AppDelegate.swift */,
				370F459F2A72D32200D61179 /* ImageLoader.swift */,
			);
			path = Lbc;
			sourceTree = "<group>";
		};
		378923212A6AF9A600EE518F /* Preview Content */ = {
			isa = PBXGroup;
			children = (
				378923222A6AF9A600EE518F /* Preview Assets.xcassets */,
			);
			path = "Preview Content";
			sourceTree = "<group>";
		};
		3789232B2A6AF9A600EE518F /* LbcTests */ = {
			isa = PBXGroup;
			children = (
				3789232C2A6AF9A600EE518F /* LbcTests.swift */,
			);
			path = LbcTests;
			sourceTree = "<group>";
		};
		378923352A6AF9A600EE518F /* LbcUITests */ = {
			isa = PBXGroup;
			children = (
				378923362A6AF9A600EE518F /* LbcUITests.swift */,
				378923382A6AF9A600EE518F /* LbcUITestsLaunchTests.swift */,
			);
			path = LbcUITests;
			sourceTree = "<group>";
		};
		378923462A6B03AC00EE518F /* Frameworks */ = {
			isa = PBXGroup;
			children = (
			);
			name = Frameworks;
			sourceTree = "<group>";
		};
/* End PBXGroup section */

/* Begin PBXNativeTarget section */
		378923162A6AF9A400EE518F /* Lbc */ = {
			isa = PBXNativeTarget;
			buildConfigurationList = 3789233C2A6AF9A600EE518F /* Build configuration list for PBXNativeTarget "Lbc" */;
			buildPhases = (
				378923132A6AF9A400EE518F /* Sources */,
				378923142A6AF9A400EE518F /* Frameworks */,
				378923152A6AF9A400EE518F /* Resources */,
			);
			buildRules = (
			);
			dependencies = (
			);
			name = Lbc;
			packageProductDependencies = (
				378923472A6B03AC00EE518F /* Domain */,
				3722DDD22A6BF92B00DE8EC0 /* Data */,
				3722DDD92A6D5AD900DE8EC0 /* ServiceLocator */,
				3722DDEA2A6E033700DE8EC0 /* Design */,
			);
			productName = Lbc;
			productReference = 378923172A6AF9A400EE518F /* Lbc.app */;
			productType = "com.apple.product-type.application";
		};
		378923272A6AF9A600EE518F /* LbcTests */ = {
			isa = PBXNativeTarget;
			buildConfigurationList = 3789233F2A6AF9A600EE518F /* Build configuration list for PBXNativeTarget "LbcTests" */;
			buildPhases = (
				378923242A6AF9A600EE518F /* Sources */,
				378923252A6AF9A600EE518F /* Frameworks */,
				378923262A6AF9A600EE518F /* Resources */,
			);
			buildRules = (
			);
			dependencies = (
				3789232A2A6AF9A600EE518F /* PBXTargetDependency */,
			);
			name = LbcTests;
			productName = LbcTests;
			productReference = 378923282A6AF9A600EE518F /* LbcTests.xctest */;
			productType = "com.apple.product-type.bundle.unit-test";
		};
		378923312A6AF9A600EE518F /* LbcUITests */ = {
			isa = PBXNativeTarget;
			buildConfigurationList = 378923422A6AF9A600EE518F /* Build configuration list for PBXNativeTarget "LbcUITests" */;
			buildPhases = (
				3789232E2A6AF9A600EE518F /* Sources */,
				3789232F2A6AF9A600EE518F /* Frameworks */,
				378923302A6AF9A600EE518F /* Resources */,
			);
			buildRules = (
			);
			dependencies = (
				378923342A6AF9A600EE518F /* PBXTargetDependency */,
			);
			name = LbcUITests;
			productName = LbcUITests;
			productReference = 378923322A6AF9A600EE518F /* LbcUITests.xctest */;
			productType = "com.apple.product-type.bundle.ui-testing";
		};
/* End PBXNativeTarget section */

/* Begin PBXProject section */
		3789230F2A6AF9A400EE518F /* Project object */ = {
			isa = PBXProject;
			attributes = {
				BuildIndependentTargetsInParallel = 1;
				LastSwiftUpdateCheck = 1430;
				LastUpgradeCheck = 1430;
				TargetAttributes = {
					378923162A6AF9A400EE518F = {
						CreatedOnToolsVersion = 14.3.1;
					};
					378923272A6AF9A600EE518F = {
						CreatedOnToolsVersion = 14.3.1;
						TestTargetID = 378923162A6AF9A400EE518F;
					};
					378923312A6AF9A600EE518F = {
						CreatedOnToolsVersion = 14.3.1;
						TestTargetID = 378923162A6AF9A400EE518F;
					};
				};
			};
			buildConfigurationList = 378923122A6AF9A400EE518F /* Build configuration list for PBXProject "Lbc" */;
			compatibilityVersion = "Xcode 14.0";
			developmentRegion = en;
			hasScannedForEncodings = 0;
			knownRegions = (
				en,
				Base,
			);
			mainGroup = 3789230E2A6AF9A400EE518F;
			productRefGroup = 378923182A6AF9A400EE518F /* Products */;
			projectDirPath = "";
			projectRoot = "";
			targets = (
				378923162A6AF9A400EE518F /* Lbc */,
				378923272A6AF9A600EE518F /* LbcTests */,
				378923312A6AF9A600EE518F /* LbcUITests */,
			);
		};
/* End PBXProject section */

/* Begin PBXResourcesBuildPhase section */
		378923152A6AF9A400EE518F /* Resources */ = {
			isa = PBXResourcesBuildPhase;
			buildActionMask = 2147483647;
			files = (
				378923232A6AF9A600EE518F /* Preview Assets.xcassets in Resources */,
				3789231F2A6AF9A600EE518F /* Assets.xcassets in Resources */,
			);
			runOnlyForDeploymentPostprocessing = 0;
		};
		378923262A6AF9A600EE518F /* Resources */ = {
			isa = PBXResourcesBuildPhase;
			buildActionMask = 2147483647;
			files = (
			);
			runOnlyForDeploymentPostprocessing = 0;
		};
		378923302A6AF9A600EE518F /* Resources */ = {
			isa = PBXResourcesBuildPhase;
			buildActionMask = 2147483647;
			files = (
			);
			runOnlyForDeploymentPostprocessing = 0;
		};
/* End PBXResourcesBuildPhase section */

/* Begin PBXSourcesBuildPhase section */
		378923132A6AF9A400EE518F /* Sources */ = {
			isa = PBXSourcesBuildPhase;
			buildActionMask = 2147483647;
			files = (
				370F45A02A72D32200D61179 /* ImageLoader.swift in Sources */,
				3722DDDC2A6DB04D00DE8EC0 /* AppDelegate.swift in Sources */,
				3722DDE12A6DBDEB00DE8EC0 /* AppAssembly.swift in Sources */,
				3722DDD72A6C447000DE8EC0 /* ListingViewController.swift in Sources */,
				370F45972A70490C00D61179 /* ClassifiedAdDetailViewController.swift in Sources */,
				370F459C2A70644300D61179 /* ClassifiedAdDetailUIModel.swift in Sources */,
				370F45922A70421B00D61179 /* CategoryUIModel.swift in Sources */,
				370F459E2A70646000D61179 /* ClassifiedAdDetailViewModel.swift in Sources */,
				3722DDE32A6DC18B00DE8EC0 /* ListingRowUIModel.swift in Sources */,
				370F45952A70488100D61179 /* CategoryTableViewCell.swift in Sources */,
				3722DDE82A6DCD8300DE8EC0 /* ListingCollectionViewCell.swift in Sources */,
				3722DDDE2A6DB9D500DE8EC0 /* ListingViewModel.swift in Sources */,
				37F1EEAD2A6F3FAD00CB004F /* CategoriesViewController.swift in Sources */,
				3722DDED2A6E053000DE8EC0 /* Listing+CompositionalLayout.swift in Sources */,
			);
			runOnlyForDeploymentPostprocessing = 0;
		};
		378923242A6AF9A600EE518F /* Sources */ = {
			isa = PBXSourcesBuildPhase;
			buildActionMask = 2147483647;
			files = (
				3789232D2A6AF9A600EE518F /* LbcTests.swift in Sources */,
			);
			runOnlyForDeploymentPostprocessing = 0;
		};
		3789232E2A6AF9A600EE518F /* Sources */ = {
			isa = PBXSourcesBuildPhase;
			buildActionMask = 2147483647;
			files = (
				378923392A6AF9A600EE518F /* LbcUITestsLaunchTests.swift in Sources */,
				378923372A6AF9A600EE518F /* LbcUITests.swift in Sources */,
			);
			runOnlyForDeploymentPostprocessing = 0;
		};
/* End PBXSourcesBuildPhase section */

/* Begin PBXTargetDependency section */
		3789232A2A6AF9A600EE518F /* PBXTargetDependency */ = {
			isa = PBXTargetDependency;
			target = 378923162A6AF9A400EE518F /* Lbc */;
			targetProxy = 378923292A6AF9A600EE518F /* PBXContainerItemProxy */;
		};
		378923342A6AF9A600EE518F /* PBXTargetDependency */ = {
			isa = PBXTargetDependency;
			target = 378923162A6AF9A400EE518F /* Lbc */;
			targetProxy = 378923332A6AF9A600EE518F /* PBXContainerItemProxy */;
		};
/* End PBXTargetDependency section */

/* Begin XCBuildConfiguration section */
		3789233A2A6AF9A600EE518F /* Debug */ = {
			isa = XCBuildConfiguration;
			buildSettings = {
				ALWAYS_SEARCH_USER_PATHS = NO;
				CLANG_ANALYZER_NONNULL = YES;
				CLANG_ANALYZER_NUMBER_OBJECT_CONVERSION = YES_AGGRESSIVE;
				CLANG_CXX_LANGUAGE_STANDARD = "gnu++20";
				CLANG_ENABLE_MODULES = YES;
				CLANG_ENABLE_OBJC_ARC = YES;
				CLANG_ENABLE_OBJC_WEAK = YES;
				CLANG_WARN_BLOCK_CAPTURE_AUTORELEASING = YES;
				CLANG_WARN_BOOL_CONVERSION = YES;
				CLANG_WARN_COMMA = YES;
				CLANG_WARN_CONSTANT_CONVERSION = YES;
				CLANG_WARN_DEPRECATED_OBJC_IMPLEMENTATIONS = YES;
				CLANG_WARN_DIRECT_OBJC_ISA_USAGE = YES_ERROR;
				CLANG_WARN_DOCUMENTATION_COMMENTS = YES;
				CLANG_WARN_EMPTY_BODY = YES;
				CLANG_WARN_ENUM_CONVERSION = YES;
				CLANG_WARN_INFINITE_RECURSION = YES;
				CLANG_WARN_INT_CONVERSION = YES;
				CLANG_WARN_NON_LITERAL_NULL_CONVERSION = YES;
				CLANG_WARN_OBJC_IMPLICIT_RETAIN_SELF = YES;
				CLANG_WARN_OBJC_LITERAL_CONVERSION = YES;
				CLANG_WARN_OBJC_ROOT_CLASS = YES_ERROR;
				CLANG_WARN_QUOTED_INCLUDE_IN_FRAMEWORK_HEADER = YES;
				CLANG_WARN_RANGE_LOOP_ANALYSIS = YES;
				CLANG_WARN_STRICT_PROTOTYPES = YES;
				CLANG_WARN_SUSPICIOUS_MOVE = YES;
				CLANG_WARN_UNGUARDED_AVAILABILITY = YES_AGGRESSIVE;
				CLANG_WARN_UNREACHABLE_CODE = YES;
				CLANG_WARN__DUPLICATE_METHOD_MATCH = YES;
				COPY_PHASE_STRIP = NO;
				DEBUG_INFORMATION_FORMAT = dwarf;
				ENABLE_STRICT_OBJC_MSGSEND = YES;
				ENABLE_TESTABILITY = YES;
				GCC_C_LANGUAGE_STANDARD = gnu11;
				GCC_DYNAMIC_NO_PIC = NO;
				GCC_NO_COMMON_BLOCKS = YES;
				GCC_OPTIMIZATION_LEVEL = 0;
				GCC_PREPROCESSOR_DEFINITIONS = (
					"DEBUG=1",
					"$(inherited)",
				);
				GCC_WARN_64_TO_32_BIT_CONVERSION = YES;
				GCC_WARN_ABOUT_RETURN_TYPE = YES_ERROR;
				GCC_WARN_UNDECLARED_SELECTOR = YES;
				GCC_WARN_UNINITIALIZED_AUTOS = YES_AGGRESSIVE;
				GCC_WARN_UNUSED_FUNCTION = YES;
				GCC_WARN_UNUSED_VARIABLE = YES;
				MTL_ENABLE_DEBUG_INFO = INCLUDE_SOURCE;
				MTL_FAST_MATH = YES;
				ONLY_ACTIVE_ARCH = YES;
				SWIFT_ACTIVE_COMPILATION_CONDITIONS = DEBUG;
				SWIFT_OPTIMIZATION_LEVEL = "-Onone";
			};
			name = Debug;
		};
		3789233B2A6AF9A600EE518F /* Release */ = {
			isa = XCBuildConfiguration;
			buildSettings = {
				ALWAYS_SEARCH_USER_PATHS = NO;
				CLANG_ANALYZER_NONNULL = YES;
				CLANG_ANALYZER_NUMBER_OBJECT_CONVERSION = YES_AGGRESSIVE;
				CLANG_CXX_LANGUAGE_STANDARD = "gnu++20";
				CLANG_ENABLE_MODULES = YES;
				CLANG_ENABLE_OBJC_ARC = YES;
				CLANG_ENABLE_OBJC_WEAK = YES;
				CLANG_WARN_BLOCK_CAPTURE_AUTORELEASING = YES;
				CLANG_WARN_BOOL_CONVERSION = YES;
				CLANG_WARN_COMMA = YES;
				CLANG_WARN_CONSTANT_CONVERSION = YES;
				CLANG_WARN_DEPRECATED_OBJC_IMPLEMENTATIONS = YES;
				CLANG_WARN_DIRECT_OBJC_ISA_USAGE = YES_ERROR;
				CLANG_WARN_DOCUMENTATION_COMMENTS = YES;
				CLANG_WARN_EMPTY_BODY = YES;
				CLANG_WARN_ENUM_CONVERSION = YES;
				CLANG_WARN_INFINITE_RECURSION = YES;
				CLANG_WARN_INT_CONVERSION = YES;
				CLANG_WARN_NON_LITERAL_NULL_CONVERSION = YES;
				CLANG_WARN_OBJC_IMPLICIT_RETAIN_SELF = YES;
				CLANG_WARN_OBJC_LITERAL_CONVERSION = YES;
				CLANG_WARN_OBJC_ROOT_CLASS = YES_ERROR;
				CLANG_WARN_QUOTED_INCLUDE_IN_FRAMEWORK_HEADER = YES;
				CLANG_WARN_RANGE_LOOP_ANALYSIS = YES;
				CLANG_WARN_STRICT_PROTOTYPES = YES;
				CLANG_WARN_SUSPICIOUS_MOVE = YES;
				CLANG_WARN_UNGUARDED_AVAILABILITY = YES_AGGRESSIVE;
				CLANG_WARN_UNREACHABLE_CODE = YES;
				CLANG_WARN__DUPLICATE_METHOD_MATCH = YES;
				COPY_PHASE_STRIP = NO;
				DEBUG_INFORMATION_FORMAT = "dwarf-with-dsym";
				ENABLE_NS_ASSERTIONS = NO;
				ENABLE_STRICT_OBJC_MSGSEND = YES;
				GCC_C_LANGUAGE_STANDARD = gnu11;
				GCC_NO_COMMON_BLOCKS = YES;
				GCC_WARN_64_TO_32_BIT_CONVERSION = YES;
				GCC_WARN_ABOUT_RETURN_TYPE = YES_ERROR;
				GCC_WARN_UNDECLARED_SELECTOR = YES;
				GCC_WARN_UNINITIALIZED_AUTOS = YES_AGGRESSIVE;
				GCC_WARN_UNUSED_FUNCTION = YES;
				GCC_WARN_UNUSED_VARIABLE = YES;
				MTL_ENABLE_DEBUG_INFO = NO;
				MTL_FAST_MATH = YES;
				SWIFT_COMPILATION_MODE = wholemodule;
				SWIFT_OPTIMIZATION_LEVEL = "-O";
			};
			name = Release;
		};
		3789233D2A6AF9A600EE518F /* Debug */ = {
			isa = XCBuildConfiguration;
			buildSettings = {
				ASSETCATALOG_COMPILER_APPICON_NAME = AppIcon;
				ASSETCATALOG_COMPILER_GLOBAL_ACCENT_COLOR_NAME = AccentColor;
				CODE_SIGN_ENTITLEMENTS = Lbc/Lbc.entitlements;
				CODE_SIGN_STYLE = Automatic;
				CURRENT_PROJECT_VERSION = 1;
				DEVELOPMENT_ASSET_PATHS = "\"Lbc/Preview Content\"";
				DEVELOPMENT_TEAM = V6MSC7KDV7;
				ENABLE_HARDENED_RUNTIME = YES;
				ENABLE_PREVIEWS = YES;
				GENERATE_INFOPLIST_FILE = YES;
				INFOPLIST_KEY_UIApplicationSceneManifest_Generation = NO;
				"INFOPLIST_KEY_UIApplicationSceneManifest_Generation[sdk=iphoneos*]" = NO;
				"INFOPLIST_KEY_UIApplicationSceneManifest_Generation[sdk=iphonesimulator*]" = NO;
				"INFOPLIST_KEY_UIApplicationSupportsIndirectInputEvents[sdk=iphoneos*]" = YES;
				"INFOPLIST_KEY_UIApplicationSupportsIndirectInputEvents[sdk=iphonesimulator*]" = YES;
				"INFOPLIST_KEY_UILaunchScreen_Generation[sdk=iphoneos*]" = YES;
				"INFOPLIST_KEY_UILaunchScreen_Generation[sdk=iphonesimulator*]" = YES;
				"INFOPLIST_KEY_UIStatusBarStyle[sdk=iphoneos*]" = UIStatusBarStyleDefault;
				"INFOPLIST_KEY_UIStatusBarStyle[sdk=iphonesimulator*]" = UIStatusBarStyleDefault;
				INFOPLIST_KEY_UISupportedInterfaceOrientations_iPad = "UIInterfaceOrientationPortrait UIInterfaceOrientationPortraitUpsideDown UIInterfaceOrientationLandscapeLeft UIInterfaceOrientationLandscapeRight";
				INFOPLIST_KEY_UISupportedInterfaceOrientations_iPhone = "UIInterfaceOrientationPortrait UIInterfaceOrientationLandscapeLeft UIInterfaceOrientationLandscapeRight";
				IPHONEOS_DEPLOYMENT_TARGET = 14.0;
				LD_RUNPATH_SEARCH_PATHS = "@executable_path/Frameworks";
				"LD_RUNPATH_SEARCH_PATHS[sdk=macosx*]" = "@executable_path/../Frameworks";
				MACOSX_DEPLOYMENT_TARGET = 13.3;
				MARKETING_VERSION = 1.0;
				PRODUCT_BUNDLE_IDENTIFIER = com.nicoonguitar.Lbc;
				PRODUCT_NAME = "$(TARGET_NAME)";
				SDKROOT = auto;
				SUPPORTED_PLATFORMS = "iphoneos iphonesimulator macosx";
				SWIFT_EMIT_LOC_STRINGS = YES;
				SWIFT_VERSION = 5.0;
				TARGETED_DEVICE_FAMILY = "1,2";
			};
			name = Debug;
		};
		3789233E2A6AF9A600EE518F /* Release */ = {
			isa = XCBuildConfiguration;
			buildSettings = {
				ASSETCATALOG_COMPILER_APPICON_NAME = AppIcon;
				ASSETCATALOG_COMPILER_GLOBAL_ACCENT_COLOR_NAME = AccentColor;
				CODE_SIGN_ENTITLEMENTS = Lbc/Lbc.entitlements;
				CODE_SIGN_STYLE = Automatic;
				CURRENT_PROJECT_VERSION = 1;
				DEVELOPMENT_ASSET_PATHS = "\"Lbc/Preview Content\"";
				DEVELOPMENT_TEAM = V6MSC7KDV7;
				ENABLE_HARDENED_RUNTIME = YES;
				ENABLE_PREVIEWS = YES;
				GENERATE_INFOPLIST_FILE = YES;
				INFOPLIST_KEY_UIApplicationSceneManifest_Generation = NO;
				"INFOPLIST_KEY_UIApplicationSceneManifest_Generation[sdk=iphoneos*]" = NO;
				"INFOPLIST_KEY_UIApplicationSceneManifest_Generation[sdk=iphonesimulator*]" = NO;
				"INFOPLIST_KEY_UIApplicationSupportsIndirectInputEvents[sdk=iphoneos*]" = YES;
				"INFOPLIST_KEY_UIApplicationSupportsIndirectInputEvents[sdk=iphonesimulator*]" = YES;
				"INFOPLIST_KEY_UILaunchScreen_Generation[sdk=iphoneos*]" = YES;
				"INFOPLIST_KEY_UILaunchScreen_Generation[sdk=iphonesimulator*]" = YES;
				"INFOPLIST_KEY_UIStatusBarStyle[sdk=iphoneos*]" = UIStatusBarStyleDefault;
				"INFOPLIST_KEY_UIStatusBarStyle[sdk=iphonesimulator*]" = UIStatusBarStyleDefault;
				INFOPLIST_KEY_UISupportedInterfaceOrientations_iPad = "UIInterfaceOrientationPortrait UIInterfaceOrientationPortraitUpsideDown UIInterfaceOrientationLandscapeLeft UIInterfaceOrientationLandscapeRight";
				INFOPLIST_KEY_UISupportedInterfaceOrientations_iPhone = "UIInterfaceOrientationPortrait UIInterfaceOrientationLandscapeLeft UIInterfaceOrientationLandscapeRight";
				IPHONEOS_DEPLOYMENT_TARGET = 14.0;
				LD_RUNPATH_SEARCH_PATHS = "@executable_path/Frameworks";
				"LD_RUNPATH_SEARCH_PATHS[sdk=macosx*]" = "@executable_path/../Frameworks";
				MACOSX_DEPLOYMENT_TARGET = 13.3;
				MARKETING_VERSION = 1.0;
				PRODUCT_BUNDLE_IDENTIFIER = com.nicoonguitar.Lbc;
				PRODUCT_NAME = "$(TARGET_NAME)";
				SDKROOT = auto;
				SUPPORTED_PLATFORMS = "iphoneos iphonesimulator macosx";
				SWIFT_EMIT_LOC_STRINGS = YES;
				SWIFT_VERSION = 5.0;
				TARGETED_DEVICE_FAMILY = "1,2";
			};
			name = Release;
		};
		378923402A6AF9A600EE518F /* Debug */ = {
			isa = XCBuildConfiguration;
			buildSettings = {
				ALWAYS_EMBED_SWIFT_STANDARD_LIBRARIES = YES;
				BUNDLE_LOADER = "$(TEST_HOST)";
				CODE_SIGN_STYLE = Automatic;
				CURRENT_PROJECT_VERSION = 1;
				DEVELOPMENT_TEAM = V6MSC7KDV7;
				GENERATE_INFOPLIST_FILE = YES;
				IPHONEOS_DEPLOYMENT_TARGET = 16.4;
				MACOSX_DEPLOYMENT_TARGET = 13.3;
				MARKETING_VERSION = 1.0;
				PRODUCT_BUNDLE_IDENTIFIER = com.nicoonguitar.LbcTests;
				PRODUCT_NAME = "$(TARGET_NAME)";
				SDKROOT = auto;
				SUPPORTED_PLATFORMS = "iphoneos iphonesimulator macosx";
				SWIFT_EMIT_LOC_STRINGS = NO;
				SWIFT_VERSION = 5.0;
				TARGETED_DEVICE_FAMILY = "1,2";
				TEST_HOST = "$(BUILT_PRODUCTS_DIR)/Lbc.app/$(BUNDLE_EXECUTABLE_FOLDER_PATH)/Lbc";
			};
			name = Debug;
		};
		378923412A6AF9A600EE518F /* Release */ = {
			isa = XCBuildConfiguration;
			buildSettings = {
				ALWAYS_EMBED_SWIFT_STANDARD_LIBRARIES = YES;
				BUNDLE_LOADER = "$(TEST_HOST)";
				CODE_SIGN_STYLE = Automatic;
				CURRENT_PROJECT_VERSION = 1;
				DEVELOPMENT_TEAM = V6MSC7KDV7;
				GENERATE_INFOPLIST_FILE = YES;
				IPHONEOS_DEPLOYMENT_TARGET = 16.4;
				MACOSX_DEPLOYMENT_TARGET = 13.3;
				MARKETING_VERSION = 1.0;
				PRODUCT_BUNDLE_IDENTIFIER = com.nicoonguitar.LbcTests;
				PRODUCT_NAME = "$(TARGET_NAME)";
				SDKROOT = auto;
				SUPPORTED_PLATFORMS = "iphoneos iphonesimulator macosx";
				SWIFT_EMIT_LOC_STRINGS = NO;
				SWIFT_VERSION = 5.0;
				TARGETED_DEVICE_FAMILY = "1,2";
				TEST_HOST = "$(BUILT_PRODUCTS_DIR)/Lbc.app/$(BUNDLE_EXECUTABLE_FOLDER_PATH)/Lbc";
			};
			name = Release;
		};
		378923432A6AF9A600EE518F /* Debug */ = {
			isa = XCBuildConfiguration;
			buildSettings = {
				ALWAYS_EMBED_SWIFT_STANDARD_LIBRARIES = YES;
				CODE_SIGN_STYLE = Automatic;
				CURRENT_PROJECT_VERSION = 1;
				DEVELOPMENT_TEAM = V6MSC7KDV7;
				GENERATE_INFOPLIST_FILE = YES;
				IPHONEOS_DEPLOYMENT_TARGET = 16.4;
				MACOSX_DEPLOYMENT_TARGET = 13.3;
				MARKETING_VERSION = 1.0;
				PRODUCT_BUNDLE_IDENTIFIER = com.nicoonguitar.LbcUITests;
				PRODUCT_NAME = "$(TARGET_NAME)";
				SDKROOT = auto;
				SUPPORTED_PLATFORMS = "iphoneos iphonesimulator macosx";
				SWIFT_EMIT_LOC_STRINGS = NO;
				SWIFT_VERSION = 5.0;
				TARGETED_DEVICE_FAMILY = "1,2";
				TEST_TARGET_NAME = Lbc;
			};
			name = Debug;
		};
		378923442A6AF9A600EE518F /* Release */ = {
			isa = XCBuildConfiguration;
			buildSettings = {
				ALWAYS_EMBED_SWIFT_STANDARD_LIBRARIES = YES;
				CODE_SIGN_STYLE = Automatic;
				CURRENT_PROJECT_VERSION = 1;
				DEVELOPMENT_TEAM = V6MSC7KDV7;
				GENERATE_INFOPLIST_FILE = YES;
				IPHONEOS_DEPLOYMENT_TARGET = 16.4;
				MACOSX_DEPLOYMENT_TARGET = 13.3;
				MARKETING_VERSION = 1.0;
				PRODUCT_BUNDLE_IDENTIFIER = com.nicoonguitar.LbcUITests;
				PRODUCT_NAME = "$(TARGET_NAME)";
				SDKROOT = auto;
				SUPPORTED_PLATFORMS = "iphoneos iphonesimulator macosx";
				SWIFT_EMIT_LOC_STRINGS = NO;
				SWIFT_VERSION = 5.0;
				TARGETED_DEVICE_FAMILY = "1,2";
				TEST_TARGET_NAME = Lbc;
			};
			name = Release;
		};
/* End XCBuildConfiguration section */

/* Begin XCConfigurationList section */
		378923122A6AF9A400EE518F /* Build configuration list for PBXProject "Lbc" */ = {
			isa = XCConfigurationList;
			buildConfigurations = (
				3789233A2A6AF9A600EE518F /* Debug */,
				3789233B2A6AF9A600EE518F /* Release */,
			);
			defaultConfigurationIsVisible = 0;
			defaultConfigurationName = Release;
		};
		3789233C2A6AF9A600EE518F /* Build configuration list for PBXNativeTarget "Lbc" */ = {
			isa = XCConfigurationList;
			buildConfigurations = (
				3789233D2A6AF9A600EE518F /* Debug */,
				3789233E2A6AF9A600EE518F /* Release */,
			);
			defaultConfigurationIsVisible = 0;
			defaultConfigurationName = Release;
		};
		3789233F2A6AF9A600EE518F /* Build configuration list for PBXNativeTarget "LbcTests" */ = {
			isa = XCConfigurationList;
			buildConfigurations = (
				378923402A6AF9A600EE518F /* Debug */,
				378923412A6AF9A600EE518F /* Release */,
			);
			defaultConfigurationIsVisible = 0;
			defaultConfigurationName = Release;
		};
		378923422A6AF9A600EE518F /* Build configuration list for PBXNativeTarget "LbcUITests" */ = {
			isa = XCConfigurationList;
			buildConfigurations = (
				378923432A6AF9A600EE518F /* Debug */,
				378923442A6AF9A600EE518F /* Release */,
			);
			defaultConfigurationIsVisible = 0;
			defaultConfigurationName = Release;
		};
/* End XCConfigurationList section */

/* Begin XCSwiftPackageProductDependency section */
		3722DDD22A6BF92B00DE8EC0 /* Data */ = {
			isa = XCSwiftPackageProductDependency;
			productName = Data;
		};
		3722DDD92A6D5AD900DE8EC0 /* ServiceLocator */ = {
			isa = XCSwiftPackageProductDependency;
			productName = ServiceLocator;
		};
		3722DDEA2A6E033700DE8EC0 /* Design */ = {
			isa = XCSwiftPackageProductDependency;
			productName = Design;
		};
		378923472A6B03AC00EE518F /* Domain */ = {
			isa = XCSwiftPackageProductDependency;
			productName = Domain;
		};
/* End XCSwiftPackageProductDependency section */
	};
	rootObject = 3789230F2A6AF9A400EE518F /* Project object */;
}
